
Microsoft Visual Studio Solution File, Format Version 12.00
# Visual Studio Version 17
VisualStudioVersion = 17.7.34221.43
MinimumVisualStudioVersion = 10.0.40219.1
Project("{FAE04EC0-301F-11D3-BF4B-00C04F79EFBC}") = "ConAppLoops", "ConAppLoops\ConAppLoops.csproj", "{87E22E0A-1E47-457A-8133-B6BF2B2763BC}"
EndProject
Global
	GlobalSection(SolutionConfigurationPlatforms) = preSolution
		Debug|Any CPU = Debug|Any CPU
		Release|Any CPU = Release|Any CPU
	EndGlobalSection
	GlobalSection(ProjectConfigurationPlatforms) = postSolution
		{87E22E0A-1E47-457A-8133-B6BF2B2763BC}.Debug|Any CPU.ActiveCfg = Debug|Any CPU
		{87E22E0A-1E47-457A-8133-B6BF2B2763BC}.Debug|Any CPU.Build.0 = Debug|Any CPU
		{87E22E0A-1E47-457A-8133-B6BF2B2763BC}.Release|Any CPU.ActiveCfg = Release|Any CPU
		{87E22E0A-1E47-457A-8133-B6BF2B2763BC}.Release|Any CPU.Build.0 = Release|Any CPU
	EndGlobalSection
	GlobalSection(SolutionProperties) = preSolution
		HideSolutionNode = FALSE
	EndGlobalSection
	GlobalSection(ExtensibilityGlobals) = postSolution
		SolutionGuid = {8C6AB76C-30C5-4BA4-9163-097C4CCADFE6}
	EndGlobalSection
EndGlobal
